
Microsoft Visual Studio Solution File, Format Version 12.00
# Visual Studio Version 16
VisualStudioVersion = 16.0.32602.291
MinimumVisualStudioVersion = 10.0.40219.1
Project("{FAE04EC0-301F-11D3-BF4B-00C04F79EFBC}") = "CarRentalManager", "CarRentalManager\CarRentalManager.csproj", "{87C72AC1-6ECE-42CB-8423-A2A33B97A4DA}"
EndProject
Global
	GlobalSection(SolutionConfigurationPlatforms) = preSolution
		Debug|Any CPU = Debug|Any CPU
		Release|Any CPU = Release|Any CPU
	EndGlobalSection
	GlobalSection(ProjectConfigurationPlatforms) = postSolution
		{87C72AC1-6ECE-42CB-8423-A2A33B97A4DA}.Debug|Any CPU.ActiveCfg = Debug|Any CPU
		{87C72AC1-6ECE-42CB-8423-A2A33B97A4DA}.Debug|Any CPU.Build.0 = Debug|Any CPU
		{87C72AC1-6ECE-42CB-8423-A2A33B97A4DA}.Release|Any CPU.ActiveCfg = Release|Any CPU
		{87C72AC1-6ECE-42CB-8423-A2A33B97A4DA}.Release|Any CPU.Build.0 = Release|Any CPU
	EndGlobalSection
	GlobalSection(SolutionProperties) = preSolution
		HideSolutionNode = FALSE
	EndGlobalSection
	GlobalSection(ExtensibilityGlobals) = postSolution
		SolutionGuid = {40246099-30A3-42D2-85B0-A092E57D7F32}
	EndGlobalSection
EndGlobal
